
Microsoft Visual Studio Solution File, Format Version 12.00
# Visual Studio Version 17
VisualStudioVersion = 17.14.36511.14 d17.14
MinimumVisualStudioVersion = 10.0.40219.1
Project("{FAE04EC0-301F-11D3-BF4B-00C04F79EFBC}") = "WPF Weather", "WPF Weather\WPF Weather.csproj", "{A5A60599-01B0-41FA-829B-EDBEE11AD08D}"
EndProject
Global
	GlobalSection(SolutionConfigurationPlatforms) = preSolution
		Debug|Any CPU = Debug|Any CPU
		Release|Any CPU = Release|Any CPU
	EndGlobalSection
	GlobalSection(ProjectConfigurationPlatforms) = postSolution
		{A5A60599-01B0-41FA-829B-EDBEE11AD08D}.Debug|Any CPU.ActiveCfg = Debug|Any CPU
		{A5A60599-01B0-41FA-829B-EDBEE11AD08D}.Debug|Any CPU.Build.0 = Debug|Any CPU
		{A5A60599-01B0-41FA-829B-EDBEE11AD08D}.Release|Any CPU.ActiveCfg = Release|Any CPU
		{A5A60599-01B0-41FA-829B-EDBEE11AD08D}.Release|Any CPU.Build.0 = Release|Any CPU
	EndGlobalSection
	GlobalSection(SolutionProperties) = preSolution
		HideSolutionNode = FALSE
	EndGlobalSection
	GlobalSection(ExtensibilityGlobals) = postSolution
		SolutionGuid = {2794B217-C1C8-447F-93D2-58247A183BB5}
	EndGlobalSection
EndGlobal
